
Microsoft Visual Studio Solution File, Format Version 12.00
# Visual Studio Version 17
VisualStudioVersion = 17.8.34511.84
MinimumVisualStudioVersion = 10.0.40219.1
Project("{8BC9CEB8-8B4A-11D0-8D11-00A0C91BC942}") = "Driver", "Driver\Driver.vcxproj", "{FAC2AF8B-D7A4-47C1-ACBF-DD889F98E011}"
EndProject
Project("{8BC9CEB8-8B4A-11D0-8D11-00A0C91BC942}") = "Client", "Client\Client.vcxproj", "{281588B5-34D9-4F57-A14C-BE56C4637392}"
EndProject
Global
	GlobalSection(SolutionConfigurationPlatforms) = preSolution
		Debug|ARM64 = Debug|ARM64
		Debug|x64 = Debug|x64
		Debug|x86 = Debug|x86
		Release|ARM64 = Release|ARM64
		Release|x64 = Release|x64
		Release|x86 = Release|x86
	EndGlobalSection
	GlobalSection(ProjectConfigurationPlatforms) = postSolution
		{FAC2AF8B-D7A4-47C1-ACBF-DD889F98E011}.Debug|ARM64.ActiveCfg = Debug|ARM64
		{FAC2AF8B-D7A4-47C1-ACBF-DD889F98E011}.Debug|ARM64.Build.0 = Debug|ARM64
		{FAC2AF8B-D7A4-47C1-ACBF-DD889F98E011}.Debug|ARM64.Deploy.0 = Debug|ARM64
		{FAC2AF8B-D7A4-47C1-ACBF-DD889F98E011}.Debug|x64.ActiveCfg = Debug|x64
		{FAC2AF8B-D7A4-47C1-ACBF-DD889F98E011}.Debug|x64.Build.0 = Debug|x64
		{FAC2AF8B-D7A4-47C1-ACBF-DD889F98E011}.Debug|x64.Deploy.0 = Debug|x64
		{FAC2AF8B-D7A4-47C1-ACBF-DD889F98E011}.Debug|x86.ActiveCfg = Debug|x64
		{FAC2AF8B-D7A4-47C1-ACBF-DD889F98E011}.Debug|x86.Build.0 = Debug|x64
		{FAC2AF8B-D7A4-47C1-ACBF-DD889F98E011}.Debug|x86.Deploy.0 = Debug|x64
		{FAC2AF8B-D7A4-47C1-ACBF-DD889F98E011}.Release|ARM64.ActiveCfg = Release|ARM64
		{FAC2AF8B-D7A4-47C1-ACBF-DD889F98E011}.Release|ARM64.Build.0 = Release|ARM64
		{FAC2AF8B-D7A4-47C1-ACBF-DD889F98E011}.Release|ARM64.Deploy.0 = Release|ARM64
		{FAC2AF8B-D7A4-47C1-ACBF-DD889F98E011}.Release|x64.ActiveCfg = Release|x64
		{FAC2AF8B-D7A4-47C1-ACBF-DD889F98E011}.Release|x64.Build.0 = Release|x64
		{FAC2AF8B-D7A4-47C1-ACBF-DD889F98E011}.Release|x64.Deploy.0 = Release|x64
		{FAC2AF8B-D7A4-47C1-ACBF-DD889F98E011}.Release|x86.ActiveCfg = Release|x64
		{FAC2AF8B-D7A4-47C1-ACBF-DD889F98E011}.Release|x86.Build.0 = Release|x64
		{FAC2AF8B-D7A4-47C1-ACBF-DD889F98E011}.Release|x86.Deploy.0 = Release|x64
		{281588B5-34D9-4F57-A14C-BE56C4637392}.Debug|ARM64.ActiveCfg = Debug|x64
		{281588B5-34D9-4F57-A14C-BE56C4637392}.Debug|ARM64.Build.0 = Debug|x64
		{281588B5-34D9-4F57-A14C-BE56C4637392}.Debug|x64.ActiveCfg = Debug|x64
		{281588B5-34D9-4F57-A14C-BE56C4637392}.Debug|x64.Build.0 = Debug|x64
		{281588B5-34D9-4F57-A14C-BE56C4637392}.Debug|x86.ActiveCfg = Debug|Win32
		{281588B5-34D9-4F57-A14C-BE56C4637392}.Debug|x86.Build.0 = Debug|Win32
		{281588B5-34D9-4F57-A14C-BE56C4637392}.Release|ARM64.ActiveCfg = Release|x64
		{281588B5-34D9-4F57-A14C-BE56C4637392}.Release|ARM64.Build.0 = Release|x64
		{281588B5-34D9-4F57-A14C-BE56C4637392}.Release|x64.ActiveCfg = Release|x64
		{281588B5-34D9-4F57-A14C-BE56C4637392}.Release|x64.Build.0 = Release|x64
		{281588B5-34D9-4F57-A14C-BE56C4637392}.Release|x86.ActiveCfg = Release|Win32
		{281588B5-34D9-4F57-A14C-BE56C4637392}.Release|x86.Build.0 = Release|Win32
	EndGlobalSection
	GlobalSection(SolutionProperties) = preSolution
		HideSolutionNode = FALSE
	EndGlobalSection
	GlobalSection(ExtensibilityGlobals) = postSolution
		SolutionGuid = {E5FFD4E3-E350-4ADE-8E26-98D3B94ABE0B}
	EndGlobalSection
EndGlobal
